
Microsoft Visual Studio Solution File, Format Version 12.00
# Visual Studio Version 17
VisualStudioVersion = 17.7.34221.43
MinimumVisualStudioVersion = 10.0.40219.1
Project("{FAE04EC0-301F-11D3-BF4B-00C04F79EFBC}") = "DemoSlide4", "DemoSlide4\DemoSlide4.csproj", "{83F83C66-51E1-44F1-9845-CBE45E381925}"
EndProject
Global
	GlobalSection(SolutionConfigurationPlatforms) = preSolution
		Debug|Any CPU = Debug|Any CPU
		Release|Any CPU = Release|Any CPU
	EndGlobalSection
	GlobalSection(ProjectConfigurationPlatforms) = postSolution
		{83F83C66-51E1-44F1-9845-CBE45E381925}.Debug|Any CPU.ActiveCfg = Debug|Any CPU
		{83F83C66-51E1-44F1-9845-CBE45E381925}.Debug|Any CPU.Build.0 = Debug|Any CPU
		{83F83C66-51E1-44F1-9845-CBE45E381925}.Release|Any CPU.ActiveCfg = Release|Any CPU
		{83F83C66-51E1-44F1-9845-CBE45E381925}.Release|Any CPU.Build.0 = Release|Any CPU
	EndGlobalSection
	GlobalSection(SolutionProperties) = preSolution
		HideSolutionNode = FALSE
	EndGlobalSection
	GlobalSection(ExtensibilityGlobals) = postSolution
		SolutionGuid = {0C500A2C-FB3E-463B-9752-1AEA9398017E}
	EndGlobalSection
EndGlobal
